
Microsoft Visual Studio Solution File, Format Version 12.00
# Visual Studio Version 17
VisualStudioVersion = 17.2.32630.192
MinimumVisualStudioVersion = 10.0.40219.1
Project("{FAE04EC0-301F-11D3-BF4B-00C04F79EFBC}") = "ConsoleApp1", "ConsoleApp1.csproj", "{A7949FE6-F566-45D4-A86C-13DF0CF8C85B}"
EndProject
Project("{FAE04EC0-301F-11D3-BF4B-00C04F79EFBC}") = "ApllicationCore", "..\ApllicationCore\ApllicationCore.csproj", "{7FB440B7-21CC-425E-9CC3-1E663992804F}"
EndProject
Project("{FAE04EC0-301F-11D3-BF4B-00C04F79EFBC}") = "Infrastructure", "..\Infrastructure\Infrastructure.csproj", "{0EF8DF89-E13E-4E54-88AE-9DE9C671165B}"
EndProject
Global
	GlobalSection(SolutionConfigurationPlatforms) = preSolution
		Debug|Any CPU = Debug|Any CPU
		Release|Any CPU = Release|Any CPU
	EndGlobalSection
	GlobalSection(ProjectConfigurationPlatforms) = postSolution
		{A7949FE6-F566-45D4-A86C-13DF0CF8C85B}.Debug|Any CPU.ActiveCfg = Debug|Any CPU
		{A7949FE6-F566-45D4-A86C-13DF0CF8C85B}.Debug|Any CPU.Build.0 = Debug|Any CPU
		{A7949FE6-F566-45D4-A86C-13DF0CF8C85B}.Release|Any CPU.ActiveCfg = Release|Any CPU
		{A7949FE6-F566-45D4-A86C-13DF0CF8C85B}.Release|Any CPU.Build.0 = Release|Any CPU
		{7FB440B7-21CC-425E-9CC3-1E663992804F}.Debug|Any CPU.ActiveCfg = Debug|Any CPU
		{7FB440B7-21CC-425E-9CC3-1E663992804F}.Debug|Any CPU.Build.0 = Debug|Any CPU
		{7FB440B7-21CC-425E-9CC3-1E663992804F}.Release|Any CPU.ActiveCfg = Release|Any CPU
		{7FB440B7-21CC-425E-9CC3-1E663992804F}.Release|Any CPU.Build.0 = Release|Any CPU
		{0EF8DF89-E13E-4E54-88AE-9DE9C671165B}.Debug|Any CPU.ActiveCfg = Debug|Any CPU
		{0EF8DF89-E13E-4E54-88AE-9DE9C671165B}.Debug|Any CPU.Build.0 = Debug|Any CPU
		{0EF8DF89-E13E-4E54-88AE-9DE9C671165B}.Release|Any CPU.ActiveCfg = Release|Any CPU
		{0EF8DF89-E13E-4E54-88AE-9DE9C671165B}.Release|Any CPU.Build.0 = Release|Any CPU
	EndGlobalSection
	GlobalSection(SolutionProperties) = preSolution
		HideSolutionNode = FALSE
	EndGlobalSection
	GlobalSection(ExtensibilityGlobals) = postSolution
		SolutionGuid = {9A574521-2D8C-4FEC-8159-F8039FC94203}
	EndGlobalSection
EndGlobal
